
Microsoft Visual Studio Solution File, Format Version 12.00
# Visual Studio Version 17
VisualStudioVersion = 17.14.36203.30
MinimumVisualStudioVersion = 10.0.40219.1
Project("{FAE04EC0-301F-11D3-BF4B-00C04F79EFBC}") = "S7Scanner.CLI", "S7Scanner.CLI\S7Scanner.CLI.csproj", "{F93E8E9B-150C-41D1-B714-2DBE59C14563}"
EndProject
Project("{FAE04EC0-301F-11D3-BF4B-00C04F79EFBC}") = "S7Scanner.Lib", "S7Scanner.Lib\S7Scanner.Lib.csproj", "{C16EFBF3-1DE6-4FB2-9BCC-43DC6FE8EC30}"
EndProject
Project("{FAE04EC0-301F-11D3-BF4B-00C04F79EFBC}") = "S7Scanner.Tests", "S7Scanner.Tests\S7Scanner.Tests.csproj", "{9DBC702F-508B-4971-9392-D62C4FF7CC40}"
EndProject
Global
	GlobalSection(SolutionConfigurationPlatforms) = preSolution
		Debug|Any CPU = Debug|Any CPU
		Release|Any CPU = Release|Any CPU
	EndGlobalSection
	GlobalSection(ProjectConfigurationPlatforms) = postSolution
		{F93E8E9B-150C-41D1-B714-2DBE59C14563}.Debug|Any CPU.ActiveCfg = Debug|Any CPU
		{F93E8E9B-150C-41D1-B714-2DBE59C14563}.Debug|Any CPU.Build.0 = Debug|Any CPU
		{F93E8E9B-150C-41D1-B714-2DBE59C14563}.Release|Any CPU.ActiveCfg = Release|Any CPU
		{F93E8E9B-150C-41D1-B714-2DBE59C14563}.Release|Any CPU.Build.0 = Release|Any CPU
		{C16EFBF3-1DE6-4FB2-9BCC-43DC6FE8EC30}.Debug|Any CPU.ActiveCfg = Debug|Any CPU
		{C16EFBF3-1DE6-4FB2-9BCC-43DC6FE8EC30}.Debug|Any CPU.Build.0 = Debug|Any CPU
		{C16EFBF3-1DE6-4FB2-9BCC-43DC6FE8EC30}.Release|Any CPU.ActiveCfg = Release|Any CPU
		{C16EFBF3-1DE6-4FB2-9BCC-43DC6FE8EC30}.Release|Any CPU.Build.0 = Release|Any CPU
		{9DBC702F-508B-4971-9392-D62C4FF7CC40}.Debug|Any CPU.ActiveCfg = Debug|Any CPU
		{9DBC702F-508B-4971-9392-D62C4FF7CC40}.Debug|Any CPU.Build.0 = Debug|Any CPU
		{9DBC702F-508B-4971-9392-D62C4FF7CC40}.Release|Any CPU.ActiveCfg = Release|Any CPU
		{9DBC702F-508B-4971-9392-D62C4FF7CC40}.Release|Any CPU.Build.0 = Release|Any CPU
	EndGlobalSection
	GlobalSection(SolutionProperties) = preSolution
		HideSolutionNode = FALSE
	EndGlobalSection
	GlobalSection(ExtensibilityGlobals) = postSolution
		SolutionGuid = {887A2FB1-8C3E-48B0-AF6C-B309BB29B22C}
	EndGlobalSection
EndGlobal
